<?xml version="1.0" encoding="utf-8"?>
<Project ToolsVersion="4.0" xmlns="http://schemas.microsoft.com/developer/msbuild/2003">
  <ItemGroup>
    <Filter Include="HyperEngine">
      <UniqueIdentifier>{03994973-6F4E-C268-F842-BC3F64F7B86C}</UniqueIdentifier>
    </Filter>
    <Filter Include="HyperEngine\Events">
      <UniqueIdentifier>{87A39EAF-7387-5F05-DCE7-5958C8EA4987}</UniqueIdentifier>
    </Filter>
    <Filter Include="Platform">
      <UniqueIdentifier>{2AC788B4-1694-E3BF-3FAD-D1672BD9184E}</UniqueIdentifier>
    </Filter>
    <Filter Include="Platform\Windows">
      <UniqueIdentifier>{64FBD71A-50F4-F66C-7926-DCF1657ED678}</UniqueIdentifier>
    </Filter>
  </ItemGroup>
  <ItemGroup>
    <ClInclude Include="src\HyperEngine.h" />
    <ClInclude Include="src\HyperEngine\Application.h">
      <Filter>HyperEngine</Filter>
    </ClInclude>
    <ClInclude Include="src\HyperEngine\Core.h">
      <Filter>HyperEngine</Filter>
    </ClInclude>
    <ClInclude Include="src\HyperEngine\EntryPoint.h">
      <Filter>HyperEngine</Filter>
    </ClInclude>
    <ClInclude Include="src\HyperEngine\Events\ApplicationEvent.h">
      <Filter>HyperEngine\Events</Filter>
    </ClInclude>
    <ClInclude Include="src\HyperEngine\Events\Event.h">
      <Filter>HyperEngine\Events</Filter>
    </ClInclude>
    <ClInclude Include="src\HyperEngine\Events\KeyEvent.h">
      <Filter>HyperEngine\Events</Filter>
    </ClInclude>
    <ClInclude Include="src\HyperEngine\Events\MouseEvent.h">
      <Filter>HyperEngine\Events</Filter>
    </ClInclude>
    <ClInclude Include="src\HyperEngine\Log.h">
      <Filter>HyperEngine</Filter>
    </ClInclude>
    <ClInclude Include="src\HyperEngine\Window.h">
      <Filter>HyperEngine</Filter>
    </ClInclude>
    <ClInclude Include="src\Platform\Windows\WindowsWindow.h">
      <Filter>Platform\Windows</Filter>
    </ClInclude>
    <ClInclude Include="src\hepch.h" />
  </ItemGroup>
  <ItemGroup>
    <ClCompile Include="src\HyperEngine\Application.cpp">
      <Filter>HyperEngine</Filter>
    </ClCompile>
    <ClCompile Include="src\HyperEngine\Log.cpp">
      <Filter>HyperEngine</Filter>
    </ClCompile>
    <ClCompile Include="src\Platform\Windows\WindowsWindow.cpp">
      <Filter>Platform\Windows</Filter>
    </ClCompile>
    <ClCompile Include="src\hepch.cpp" />
  </ItemGroup>
</Project>